// !$*UTF8*$!
{
	archiveVersion = 1;
	classes = {
	};
	objectVersion = 50;
	objects = {

/* Begin PBXBuildFile section */
		0AE85155E74C6AE7509995C4 /* Pods_SwipeSwapDemoTests.framework in Frameworks */ = {isa = PBXBuildFile; fileRef = A10E1908CFE4D2A40E13EEC0 /* Pods_SwipeSwapDemoTests.framework */; };
		6DD549412352538A005D5724 /* AppDelegate.swift in Sources */ = {isa = PBXBuildFile; fileRef = 6DD549402352538A005D5724 /* AppDelegate.swift */; };
		6DD549432352538A005D5724 /* ViewController.swift in Sources */ = {isa = PBXBuildFile; fileRef = 6DD549422352538A005D5724 /* ViewController.swift */; };
		6DD549462352538A005D5724 /* Main.storyboard in Resources */ = {isa = PBXBuildFile; fileRef = 6DD549442352538A005D5724 /* Main.storyboard */; };
		6DD549482352538C005D5724 /* Assets.xcassets in Resources */ = {isa = PBXBuildFile; fileRef = 6DD549472352538C005D5724 /* Assets.xcassets */; };
		6DD5494B2352538C005D5724 /* LaunchScreen.storyboard in Resources */ = {isa = PBXBuildFile; fileRef = 6DD549492352538C005D5724 /* LaunchScreen.storyboard */; };
		6DD549562352538C005D5724 /* SwipeSwapDemoTests.swift in Sources */ = {isa = PBXBuildFile; fileRef = 6DD549552352538C005D5724 /* SwipeSwapDemoTests.swift */; };
		6DD549612352538C005D5724 /* SwipeSwapDemoUITests.swift in Sources */ = {isa = PBXBuildFile; fileRef = 6DD549602352538C005D5724 /* SwipeSwapDemoUITests.swift */; };
		6DD5496F23526170005D5724 /* SignupViewController.swift in Sources */ = {isa = PBXBuildFile; fileRef = 6DD5496E23526170005D5724 /* SignupViewController.swift */; };
		6DD549712352632C005D5724 /* GoogleService-Info.plist in Resources */ = {isa = PBXBuildFile; fileRef = 6DD549702352632C005D5724 /* GoogleService-Info.plist */; };
		6DD5497323528A76005D5724 /* UNClogin.png in Resources */ = {isa = PBXBuildFile; fileRef = 6DD5497223528A5C005D5724 /* UNClogin.png */; };
		6DD5497523528F4D005D5724 /* UNCsignon.png in Resources */ = {isa = PBXBuildFile; fileRef = 6DD5497423528F4D005D5724 /* UNCsignon.png */; };
		6DD5497723528FE1005D5724 /* UNCsignon2.png in Resources */ = {isa = PBXBuildFile; fileRef = 6DD5497623528FE1005D5724 /* UNCsignon2.png */; };
		75CEC3B372956280F5FB6601 /* Pods_SwipeSwapDemo.framework in Frameworks */ = {isa = PBXBuildFile; fileRef = B1B255B5B541E701C31B87FD /* Pods_SwipeSwapDemo.framework */; };
		A3CE18335756A02393C71074 /* Pods_SwipeSwapDemoUITests.framework in Frameworks */ = {isa = PBXBuildFile; fileRef = 598811967A39571442E4CFAF /* Pods_SwipeSwapDemoUITests.framework */; };
/* End PBXBuildFile section */

/* Begin PBXContainerItemProxy section */
		6DD549522352538C005D5724 /* PBXContainerItemProxy */ = {
			isa = PBXContainerItemProxy;
			containerPortal = 6DD549352352538A005D5724 /* Project object */;
			proxyType = 1;
			remoteGlobalIDString = 6DD5493C2352538A005D5724;
			remoteInfo = SwipeSwapDemo;
		};
		6DD5495D2352538C005D5724 /* PBXContainerItemProxy */ = {
			isa = PBXContainerItemProxy;
			containerPortal = 6DD549352352538A005D5724 /* Project object */;
			proxyType = 1;
			remoteGlobalIDString = 6DD5493C2352538A005D5724;
			remoteInfo = SwipeSwapDemo;
		};
/* End PBXContainerItemProxy section */

/* Begin PBXFileReference section */
		50C8A2A8FB064E0C0295D4E3 /* Pods-SwipeSwapDemo.release.xcconfig */ = {isa = PBXFileReference; includeInIndex = 1; lastKnownFileType = text.xcconfig; name = "Pods-SwipeSwapDemo.release.xcconfig"; path = "Target Support Files/Pods-SwipeSwapDemo/Pods-SwipeSwapDemo.release.xcconfig"; sourceTree = "<group>"; };
		598811967A39571442E4CFAF /* Pods_SwipeSwapDemoUITests.framework */ = {isa = PBXFileReference; explicitFileType = wrapper.framework; includeInIndex = 0; path = Pods_SwipeSwapDemoUITests.framework; sourceTree = BUILT_PRODUCTS_DIR; };
		6AD580CD2291BAA652D87E84 /* Pods-SwipeSwapDemoUITests.debug.xcconfig */ = {isa = PBXFileReference; includeInIndex = 1; lastKnownFileType = text.xcconfig; name = "Pods-SwipeSwapDemoUITests.debug.xcconfig"; path = "Target Support Files/Pods-SwipeSwapDemoUITests/Pods-SwipeSwapDemoUITests.debug.xcconfig"; sourceTree = "<group>"; };
		6DD5493D2352538A005D5724 /* SwipeSwapDemo.app */ = {isa = PBXFileReference; explicitFileType = wrapper.application; includeInIndex = 0; path = SwipeSwapDemo.app; sourceTree = BUILT_PRODUCTS_DIR; };
		6DD549402352538A005D5724 /* AppDelegate.swift */ = {isa = PBXFileReference; lastKnownFileType = sourcecode.swift; path = AppDelegate.swift; sourceTree = "<group>"; };
		6DD549422352538A005D5724 /* ViewController.swift */ = {isa = PBXFileReference; lastKnownFileType = sourcecode.swift; path = ViewController.swift; sourceTree = "<group>"; };
		6DD549452352538A005D5724 /* Base */ = {isa = PBXFileReference; lastKnownFileType = file.storyboard; name = Base; path = Base.lproj/Main.storyboard; sourceTree = "<group>"; };
		6DD549472352538C005D5724 /* Assets.xcassets */ = {isa = PBXFileReference; lastKnownFileType = folder.assetcatalog; path = Assets.xcassets; sourceTree = "<group>"; };
		6DD5494A2352538C005D5724 /* Base */ = {isa = PBXFileReference; lastKnownFileType = file.storyboard; name = Base; path = Base.lproj/LaunchScreen.storyboard; sourceTree = "<group>"; };
		6DD5494C2352538C005D5724 /* Info.plist */ = {isa = PBXFileReference; lastKnownFileType = text.plist.xml; path = Info.plist; sourceTree = "<group>"; };
		6DD549512352538C005D5724 /* SwipeSwapDemoTests.xctest */ = {isa = PBXFileReference; explicitFileType = wrapper.cfbundle; includeInIndex = 0; path = SwipeSwapDemoTests.xctest; sourceTree = BUILT_PRODUCTS_DIR; };
		6DD549552352538C005D5724 /* SwipeSwapDemoTests.swift */ = {isa = PBXFileReference; lastKnownFileType = sourcecode.swift; path = SwipeSwapDemoTests.swift; sourceTree = "<group>"; };
		6DD549572352538C005D5724 /* Info.plist */ = {isa = PBXFileReference; lastKnownFileType = text.plist.xml; path = Info.plist; sourceTree = "<group>"; };
		6DD5495C2352538C005D5724 /* SwipeSwapDemoUITests.xctest */ = {isa = PBXFileReference; explicitFileType = wrapper.cfbundle; includeInIndex = 0; path = SwipeSwapDemoUITests.xctest; sourceTree = BUILT_PRODUCTS_DIR; };
		6DD549602352538C005D5724 /* SwipeSwapDemoUITests.swift */ = {isa = PBXFileReference; lastKnownFileType = sourcecode.swift; path = SwipeSwapDemoUITests.swift; sourceTree = "<group>"; };
		6DD549622352538C005D5724 /* Info.plist */ = {isa = PBXFileReference; lastKnownFileType = text.plist.xml; path = Info.plist; sourceTree = "<group>"; };
		6DD5496E23526170005D5724 /* SignupViewController.swift */ = {isa = PBXFileReference; lastKnownFileType = sourcecode.swift; path = SignupViewController.swift; sourceTree = "<group>"; };
		6DD549702352632C005D5724 /* GoogleService-Info.plist */ = {isa = PBXFileReference; fileEncoding = 4; lastKnownFileType = text.plist.xml; path = "GoogleService-Info.plist"; sourceTree = "<group>"; };
		6DD5497223528A5C005D5724 /* UNClogin.png */ = {isa = PBXFileReference; lastKnownFileType = image.png; path = UNClogin.png; sourceTree = "<group>"; };
		6DD5497423528F4D005D5724 /* UNCsignon.png */ = {isa = PBXFileReference; lastKnownFileType = image.png; path = UNCsignon.png; sourceTree = "<group>"; };
		6DD5497623528FE1005D5724 /* UNCsignon2.png */ = {isa = PBXFileReference; lastKnownFileType = image.png; path = UNCsignon2.png; sourceTree = "<group>"; };
		81AA7B34EBFB3E7C4AB81002 /* Pods-SwipeSwapDemoTests.release.xcconfig */ = {isa = PBXFileReference; includeInIndex = 1; lastKnownFileType = text.xcconfig; name = "Pods-SwipeSwapDemoTests.release.xcconfig"; path = "Target Support Files/Pods-SwipeSwapDemoTests/Pods-SwipeSwapDemoTests.release.xcconfig"; sourceTree = "<group>"; };
		96A8BB3CB32C464F44E7FDB7 /* Pods-SwipeSwapDemoUITests.release.xcconfig */ = {isa = PBXFileReference; includeInIndex = 1; lastKnownFileType = text.xcconfig; name = "Pods-SwipeSwapDemoUITests.release.xcconfig"; path = "Target Support Files/Pods-SwipeSwapDemoUITests/Pods-SwipeSwapDemoUITests.release.xcconfig"; sourceTree = "<group>"; };
		A10E1908CFE4D2A40E13EEC0 /* Pods_SwipeSwapDemoTests.framework */ = {isa = PBXFileReference; explicitFileType = wrapper.framework; includeInIndex = 0; path = Pods_SwipeSwapDemoTests.framework; sourceTree = BUILT_PRODUCTS_DIR; };
		B1B255B5B541E701C31B87FD /* Pods_SwipeSwapDemo.framework */ = {isa = PBXFileReference; explicitFileType = wrapper.framework; includeInIndex = 0; path = Pods_SwipeSwapDemo.framework; sourceTree = BUILT_PRODUCTS_DIR; };
		DEE5ECDBE0C6FE6308DDFC2F /* Pods-SwipeSwapDemoTests.debug.xcconfig */ = {isa = PBXFileReference; includeInIndex = 1; lastKnownFileType = text.xcconfig; name = "Pods-SwipeSwapDemoTests.debug.xcconfig"; path = "Target Support Files/Pods-SwipeSwapDemoTests/Pods-SwipeSwapDemoTests.debug.xcconfig"; sourceTree = "<group>"; };
		F23F25CEEE9DAEDFE35388EF /* Pods-SwipeSwapDemo.debug.xcconfig */ = {isa = PBXFileReference; includeInIndex = 1; lastKnownFileType = text.xcconfig; name = "Pods-SwipeSwapDemo.debug.xcconfig"; path = "Target Support Files/Pods-SwipeSwapDemo/Pods-SwipeSwapDemo.debug.xcconfig"; sourceTree = "<group>"; };
/* End PBXFileReference section */

/* Begin PBXFrameworksBuildPhase section */
		6DD5493A2352538A005D5724 /* Frameworks */ = {
			isa = PBXFrameworksBuildPhase;
			buildActionMask = 2147483647;
			files = (
				75CEC3B372956280F5FB6601 /* Pods_SwipeSwapDemo.framework in Frameworks */,
			);
			runOnlyForDeploymentPostprocessing = 0;
		};
		6DD5494E2352538C005D5724 /* Frameworks */ = {
			isa = PBXFrameworksBuildPhase;
			buildActionMask = 2147483647;
			files = (
				0AE85155E74C6AE7509995C4 /* Pods_SwipeSwapDemoTests.framework in Frameworks */,
			);
			runOnlyForDeploymentPostprocessing = 0;
		};
		6DD549592352538C005D5724 /* Frameworks */ = {
			isa = PBXFrameworksBuildPhase;
			buildActionMask = 2147483647;
			files = (
				A3CE18335756A02393C71074 /* Pods_SwipeSwapDemoUITests.framework in Frameworks */,
			);
			runOnlyForDeploymentPostprocessing = 0;
		};
/* End PBXFrameworksBuildPhase section */

/* Begin PBXGroup section */
		4601DE24AB131624C9B6A729 /* Frameworks */ = {
			isa = PBXGroup;
			children = (
				B1B255B5B541E701C31B87FD /* Pods_SwipeSwapDemo.framework */,
				A10E1908CFE4D2A40E13EEC0 /* Pods_SwipeSwapDemoTests.framework */,
				598811967A39571442E4CFAF /* Pods_SwipeSwapDemoUITests.framework */,
			);
			name = Frameworks;
			sourceTree = "<group>";
		};
		6DD549342352538A005D5724 = {
			isa = PBXGroup;
			children = (
				6DD5493F2352538A005D5724 /* SwipeSwapDemo */,
				6DD549542352538C005D5724 /* SwipeSwapDemoTests */,
				6DD5495F2352538C005D5724 /* SwipeSwapDemoUITests */,
				6DD5493E2352538A005D5724 /* Products */,
				ABC220D363AB50E54A94D27A /* Pods */,
				4601DE24AB131624C9B6A729 /* Frameworks */,
			);
			sourceTree = "<group>";
		};
		6DD5493E2352538A005D5724 /* Products */ = {
			isa = PBXGroup;
			children = (
				6DD5493D2352538A005D5724 /* SwipeSwapDemo.app */,
				6DD549512352538C005D5724 /* SwipeSwapDemoTests.xctest */,
				6DD5495C2352538C005D5724 /* SwipeSwapDemoUITests.xctest */,
			);
			name = Products;
			sourceTree = "<group>";
		};
		6DD5493F2352538A005D5724 /* SwipeSwapDemo */ = {
			isa = PBXGroup;
			children = (
				6DD5497623528FE1005D5724 /* UNCsignon2.png */,
				6DD5497423528F4D005D5724 /* UNCsignon.png */,
				6DD5497223528A5C005D5724 /* UNClogin.png */,
				6DD549702352632C005D5724 /* GoogleService-Info.plist */,
				6DD549402352538A005D5724 /* AppDelegate.swift */,
				6DD549422352538A005D5724 /* ViewController.swift */,
				6DD549442352538A005D5724 /* Main.storyboard */,
				6DD549472352538C005D5724 /* Assets.xcassets */,
				6DD549492352538C005D5724 /* LaunchScreen.storyboard */,
				6DD5494C2352538C005D5724 /* Info.plist */,
				6DD5496E23526170005D5724 /* SignupViewController.swift */,
			);
			path = SwipeSwapDemo;
			sourceTree = "<group>";
		};
		6DD549542352538C005D5724 /* SwipeSwapDemoTests */ = {
			isa = PBXGroup;
			children = (
				6DD549552352538C005D5724 /* SwipeSwapDemoTests.swift */,
				6DD549572352538C005D5724 /* Info.plist */,
			);
			path = SwipeSwapDemoTests;
			sourceTree = "<group>";
		};
		6DD5495F2352538C005D5724 /* SwipeSwapDemoUITests */ = {
			isa = PBXGroup;
			children = (
				6DD549602352538C005D5724 /* SwipeSwapDemoUITests.swift */,
				6DD549622352538C005D5724 /* Info.plist */,
			);
			path = SwipeSwapDemoUITests;
			sourceTree = "<group>";
		};
		ABC220D363AB50E54A94D27A /* Pods */ = {
			isa = PBXGroup;
			children = (
				F23F25CEEE9DAEDFE35388EF /* Pods-SwipeSwapDemo.debug.xcconfig */,
				50C8A2A8FB064E0C0295D4E3 /* Pods-SwipeSwapDemo.release.xcconfig */,
				DEE5ECDBE0C6FE6308DDFC2F /* Pods-SwipeSwapDemoTests.debug.xcconfig */,
				81AA7B34EBFB3E7C4AB81002 /* Pods-SwipeSwapDemoTests.release.xcconfig */,
				6AD580CD2291BAA652D87E84 /* Pods-SwipeSwapDemoUITests.debug.xcconfig */,
				96A8BB3CB32C464F44E7FDB7 /* Pods-SwipeSwapDemoUITests.release.xcconfig */,
			);
			path = Pods;
			sourceTree = "<group>";
		};
/* End PBXGroup section */

/* Begin PBXNativeTarget section */
		6DD5493C2352538A005D5724 /* SwipeSwapDemo */ = {
			isa = PBXNativeTarget;
			buildConfigurationList = 6DD549652352538C005D5724 /* Build configuration list for PBXNativeTarget "SwipeSwapDemo" */;
			buildPhases = (
				DD8AF4E090D6636F6B65C281 /* [CP] Check Pods Manifest.lock */,
				6DD549392352538A005D5724 /* Sources */,
				6DD5493A2352538A005D5724 /* Frameworks */,
				6DD5493B2352538A005D5724 /* Resources */,
				8229432DFC928012EC77C72C /* [CP] Embed Pods Frameworks */,
			);
			buildRules = (
			);
			dependencies = (
			);
			name = SwipeSwapDemo;
			productName = SwipeSwapDemo;
			productReference = 6DD5493D2352538A005D5724 /* SwipeSwapDemo.app */;
			productType = "com.apple.product-type.application";
		};
		6DD549502352538C005D5724 /* SwipeSwapDemoTests */ = {
			isa = PBXNativeTarget;
			buildConfigurationList = 6DD549682352538C005D5724 /* Build configuration list for PBXNativeTarget "SwipeSwapDemoTests" */;
			buildPhases = (
				4BD13BCD037B4073458C8B5A /* [CP] Check Pods Manifest.lock */,
				6DD5494D2352538C005D5724 /* Sources */,
				6DD5494E2352538C005D5724 /* Frameworks */,
				6DD5494F2352538C005D5724 /* Resources */,
			);
			buildRules = (
			);
			dependencies = (
				6DD549532352538C005D5724 /* PBXTargetDependency */,
			);
			name = SwipeSwapDemoTests;
			productName = SwipeSwapDemoTests;
			productReference = 6DD549512352538C005D5724 /* SwipeSwapDemoTests.xctest */;
			productType = "com.apple.product-type.bundle.unit-test";
		};
		6DD5495B2352538C005D5724 /* SwipeSwapDemoUITests */ = {
			isa = PBXNativeTarget;
			buildConfigurationList = 6DD5496B2352538C005D5724 /* Build configuration list for PBXNativeTarget "SwipeSwapDemoUITests" */;
			buildPhases = (
				A61D9D6C6A55C6E74790A87D /* [CP] Check Pods Manifest.lock */,
				6DD549582352538C005D5724 /* Sources */,
				6DD549592352538C005D5724 /* Frameworks */,
				6DD5495A2352538C005D5724 /* Resources */,
			);
			buildRules = (
			);
			dependencies = (
				6DD5495E2352538C005D5724 /* PBXTargetDependency */,
			);
			name = SwipeSwapDemoUITests;
			productName = SwipeSwapDemoUITests;
			productReference = 6DD5495C2352538C005D5724 /* SwipeSwapDemoUITests.xctest */;
			productType = "com.apple.product-type.bundle.ui-testing";
		};
/* End PBXNativeTarget section */

/* Begin PBXProject section */
		6DD549352352538A005D5724 /* Project object */ = {
			isa = PBXProject;
			attributes = {
				LastSwiftUpdateCheck = 1010;
				LastUpgradeCheck = 1010;
				ORGANIZATIONNAME = Swipers;
				TargetAttributes = {
					6DD5493C2352538A005D5724 = {
						CreatedOnToolsVersion = 10.1;
					};
					6DD549502352538C005D5724 = {
						CreatedOnToolsVersion = 10.1;
						TestTargetID = 6DD5493C2352538A005D5724;
					};
					6DD5495B2352538C005D5724 = {
						CreatedOnToolsVersion = 10.1;
						TestTargetID = 6DD5493C2352538A005D5724;
					};
				};
			};
			buildConfigurationList = 6DD549382352538A005D5724 /* Build configuration list for PBXProject "SwipeSwapDemo" */;
			compatibilityVersion = "Xcode 9.3";
			developmentRegion = en;
			hasScannedForEncodings = 0;
			knownRegions = (
				en,
				Base,
			);
			mainGroup = 6DD549342352538A005D5724;
			productRefGroup = 6DD5493E2352538A005D5724 /* Products */;
			projectDirPath = "";
			projectRoot = "";
			targets = (
				6DD5493C2352538A005D5724 /* SwipeSwapDemo */,
				6DD549502352538C005D5724 /* SwipeSwapDemoTests */,
				6DD5495B2352538C005D5724 /* SwipeSwapDemoUITests */,
			);
		};
/* End PBXProject section */

/* Begin PBXResourcesBuildPhase section */
		6DD5493B2352538A005D5724 /* Resources */ = {
			isa = PBXResourcesBuildPhase;
			buildActionMask = 2147483647;
			files = (
				6DD5497723528FE1005D5724 /* UNCsignon2.png in Resources */,
				6DD5494B2352538C005D5724 /* LaunchScreen.storyboard in Resources */,
				6DD549712352632C005D5724 /* GoogleService-Info.plist in Resources */,
				6DD5497523528F4D005D5724 /* UNCsignon.png in Resources */,
				6DD5497323528A76005D5724 /* UNClogin.png in Resources */,
				6DD549482352538C005D5724 /* Assets.xcassets in Resources */,
				6DD549462352538A005D5724 /* Main.storyboard in Resources */,
			);
			runOnlyForDeploymentPostprocessing = 0;
		};
		6DD5494F2352538C005D5724 /* Resources */ = {
			isa = PBXResourcesBuildPhase;
			buildActionMask = 2147483647;
			files = (
			);
			runOnlyForDeploymentPostprocessing = 0;
		};
		6DD5495A2352538C005D5724 /* Resources */ = {
			isa = PBXResourcesBuildPhase;
			buildActionMask = 2147483647;
			files = (
			);
			runOnlyForDeploymentPostprocessing = 0;
		};
/* End PBXResourcesBuildPhase section */

/* Begin PBXShellScriptBuildPhase section */
		4BD13BCD037B4073458C8B5A /* [CP] Check Pods Manifest.lock */ = {
			isa = PBXShellScriptBuildPhase;
			buildActionMask = 2147483647;
			files = (
			);
			inputFileListPaths = (
			);
			inputPaths = (
				"${PODS_PODFILE_DIR_PATH}/Podfile.lock",
				"${PODS_ROOT}/Manifest.lock",
			);
			name = "[CP] Check Pods Manifest.lock";
			outputFileListPaths = (
			);
			outputPaths = (
				"$(DERIVED_FILE_DIR)/Pods-SwipeSwapDemoTests-checkManifestLockResult.txt",
			);
			runOnlyForDeploymentPostprocessing = 0;
			shellPath = /bin/sh;
			shellScript = "diff \"${PODS_PODFILE_DIR_PATH}/Podfile.lock\" \"${PODS_ROOT}/Manifest.lock\" > /dev/null\nif [ $? != 0 ] ; then\n    # print error to STDERR\n    echo \"error: The sandbox is not in sync with the Podfile.lock. Run 'pod install' or update your CocoaPods installation.\" >&2\n    exit 1\nfi\n# This output is used by Xcode 'outputs' to avoid re-running this script phase.\necho \"SUCCESS\" > \"${SCRIPT_OUTPUT_FILE_0}\"\n";
			showEnvVarsInLog = 0;
		};
		8229432DFC928012EC77C72C /* [CP] Embed Pods Frameworks */ = {
			isa = PBXShellScriptBuildPhase;
			buildActionMask = 2147483647;
			files = (
			);
			inputFileListPaths = (
			);
			inputPaths = (
				"${PODS_ROOT}/Target Support Files/Pods-SwipeSwapDemo/Pods-SwipeSwapDemo-frameworks.sh",
				"${BUILT_PRODUCTS_DIR}/GTMSessionFetcher/GTMSessionFetcher.framework",
				"${BUILT_PRODUCTS_DIR}/GoogleUtilities/GoogleUtilities.framework",
				"${BUILT_PRODUCTS_DIR}/leveldb-library/leveldb.framework",
				"${BUILT_PRODUCTS_DIR}/nanopb/nanopb.framework",
			);
			name = "[CP] Embed Pods Frameworks";
			outputFileListPaths = (
			);
			outputPaths = (
				"${TARGET_BUILD_DIR}/${FRAMEWORKS_FOLDER_PATH}/GTMSessionFetcher.framework",
				"${TARGET_BUILD_DIR}/${FRAMEWORKS_FOLDER_PATH}/GoogleUtilities.framework",
				"${TARGET_BUILD_DIR}/${FRAMEWORKS_FOLDER_PATH}/leveldb.framework",
				"${TARGET_BUILD_DIR}/${FRAMEWORKS_FOLDER_PATH}/nanopb.framework",
			);
			runOnlyForDeploymentPostprocessing = 0;
			shellPath = /bin/sh;
			shellScript = "\"${PODS_ROOT}/Target Support Files/Pods-SwipeSwapDemo/Pods-SwipeSwapDemo-frameworks.sh\"\n";
			showEnvVarsInLog = 0;
		};
		A61D9D6C6A55C6E74790A87D /* [CP] Check Pods Manifest.lock */ = {
			isa = PBXShellScriptBuildPhase;
			buildActionMask = 2147483647;
			files = (
			);
			inputFileListPaths = (
			);
			inputPaths = (
				"${PODS_PODFILE_DIR_PATH}/Podfile.lock",
				"${PODS_ROOT}/Manifest.lock",
			);
			name = "[CP] Check Pods Manifest.lock";
			outputFileListPaths = (
			);
			outputPaths = (
				"$(DERIVED_FILE_DIR)/Pods-SwipeSwapDemoUITests-checkManifestLockResult.txt",
			);
			runOnlyForDeploymentPostprocessing = 0;
			shellPath = /bin/sh;
			shellScript = "diff \"${PODS_PODFILE_DIR_PATH}/Podfile.lock\" \"${PODS_ROOT}/Manifest.lock\" > /dev/null\nif [ $? != 0 ] ; then\n    # print error to STDERR\n    echo \"error: The sandbox is not in sync with the Podfile.lock. Run 'pod install' or update your CocoaPods installation.\" >&2\n    exit 1\nfi\n# This output is used by Xcode 'outputs' to avoid re-running this script phase.\necho \"SUCCESS\" > \"${SCRIPT_OUTPUT_FILE_0}\"\n";
			showEnvVarsInLog = 0;
		};
		DD8AF4E090D6636F6B65C281 /* [CP] Check Pods Manifest.lock */ = {
			isa = PBXShellScriptBuildPhase;
			buildActionMask = 2147483647;
			files = (
			);
			inputFileListPaths = (
			);
			inputPaths = (
				"${PODS_PODFILE_DIR_PATH}/Podfile.lock",
				"${PODS_ROOT}/Manifest.lock",
			);
			name = "[CP] Check Pods Manifest.lock";
			outputFileListPaths = (
			);
			outputPaths = (
				"$(DERIVED_FILE_DIR)/Pods-SwipeSwapDemo-checkManifestLockResult.txt",
			);
			runOnlyForDeploymentPostprocessing = 0;
			shellPath = /bin/sh;
			shellScript = "diff \"${PODS_PODFILE_DIR_PATH}/Podfile.lock\" \"${PODS_ROOT}/Manifest.lock\" > /dev/null\nif [ $? != 0 ] ; then\n    # print error to STDERR\n    echo \"error: The sandbox is not in sync with the Podfile.lock. Run 'pod install' or update your CocoaPods installation.\" >&2\n    exit 1\nfi\n# This output is used by Xcode 'outputs' to avoid re-running this script phase.\necho \"SUCCESS\" > \"${SCRIPT_OUTPUT_FILE_0}\"\n";
			showEnvVarsInLog = 0;
		};
/* End PBXShellScriptBuildPhase section */

/* Begin PBXSourcesBuildPhase section */
		6DD549392352538A005D5724 /* Sources */ = {
			isa = PBXSourcesBuildPhase;
			buildActionMask = 2147483647;
			files = (
				6DD5496F23526170005D5724 /* SignupViewController.swift in Sources */,
				6DD549432352538A005D5724 /* ViewController.swift in Sources */,
				6DD549412352538A005D5724 /* AppDelegate.swift in Sources */,
			);
			runOnlyForDeploymentPostprocessing = 0;
		};
		6DD5494D2352538C005D5724 /* Sources */ = {
			isa = PBXSourcesBuildPhase;
			buildActionMask = 2147483647;
			files = (
				6DD549562352538C005D5724 /* SwipeSwapDemoTests.swift in Sources */,
			);
			runOnlyForDeploymentPostprocessing = 0;
		};
		6DD549582352538C005D5724 /* Sources */ = {
			isa = PBXSourcesBuildPhase;
			buildActionMask = 2147483647;
			files = (
				6DD549612352538C005D5724 /* SwipeSwapDemoUITests.swift in Sources */,
			);
			runOnlyForDeploymentPostprocessing = 0;
		};
/* End PBXSourcesBuildPhase section */

/* Begin PBXTargetDependency section */
		6DD549532352538C005D5724 /* PBXTargetDependency */ = {
			isa = PBXTargetDependency;
			target = 6DD5493C2352538A005D5724 /* SwipeSwapDemo */;
			targetProxy = 6DD549522352538C005D5724 /* PBXContainerItemProxy */;
		};
		6DD5495E2352538C005D5724 /* PBXTargetDependency */ = {
			isa = PBXTargetDependency;
			target = 6DD5493C2352538A005D5724 /* SwipeSwapDemo */;
			targetProxy = 6DD5495D2352538C005D5724 /* PBXContainerItemProxy */;
		};
/* End PBXTargetDependency section */

/* Begin PBXVariantGroup section */
		6DD549442352538A005D5724 /* Main.storyboard */ = {
			isa = PBXVariantGroup;
			children = (
				6DD549452352538A005D5724 /* Base */,
			);
			name = Main.storyboard;
			sourceTree = "<group>";
		};
		6DD549492352538C005D5724 /* LaunchScreen.storyboard */ = {
			isa = PBXVariantGroup;
			children = (
				6DD5494A2352538C005D5724 /* Base */,
			);
			name = LaunchScreen.storyboard;
			sourceTree = "<group>";
		};
/* End PBXVariantGroup section */

/* Begin XCBuildConfiguration section */
		6DD549632352538C005D5724 /* Debug */ = {
			isa = XCBuildConfiguration;
			buildSettings = {
				ALWAYS_SEARCH_USER_PATHS = NO;
				CLANG_ANALYZER_NONNULL = YES;
				CLANG_ANALYZER_NUMBER_OBJECT_CONVERSION = YES_AGGRESSIVE;
				CLANG_CXX_LANGUAGE_STANDARD = "gnu++14";
				CLANG_CXX_LIBRARY = "libc++";
				CLANG_ENABLE_MODULES = YES;
				CLANG_ENABLE_OBJC_ARC = YES;
				CLANG_ENABLE_OBJC_WEAK = YES;
				CLANG_WARN_BLOCK_CAPTURE_AUTORELEASING = YES;
				CLANG_WARN_BOOL_CONVERSION = YES;
				CLANG_WARN_COMMA = YES;
				CLANG_WARN_CONSTANT_CONVERSION = YES;
				CLANG_WARN_DEPRECATED_OBJC_IMPLEMENTATIONS = YES;
				CLANG_WARN_DIRECT_OBJC_ISA_USAGE = YES_ERROR;
				CLANG_WARN_DOCUMENTATION_COMMENTS = YES;
				CLANG_WARN_EMPTY_BODY = YES;
				CLANG_WARN_ENUM_CONVERSION = YES;
				CLANG_WARN_INFINITE_RECURSION = YES;
				CLANG_WARN_INT_CONVERSION = YES;
				CLANG_WARN_NON_LITERAL_NULL_CONVERSION = YES;
				CLANG_WARN_OBJC_IMPLICIT_RETAIN_SELF = YES;
				CLANG_WARN_OBJC_LITERAL_CONVERSION = YES;
				CLANG_WARN_OBJC_ROOT_CLASS = YES_ERROR;
				CLANG_WARN_RANGE_LOOP_ANALYSIS = YES;
				CLANG_WARN_STRICT_PROTOTYPES = YES;
				CLANG_WARN_SUSPICIOUS_MOVE = YES;
				CLANG_WARN_UNGUARDED_AVAILABILITY = YES_AGGRESSIVE;
				CLANG_WARN_UNREACHABLE_CODE = YES;
				CLANG_WARN__DUPLICATE_METHOD_MATCH = YES;
				CODE_SIGN_IDENTITY = "iPhone Developer";
				COPY_PHASE_STRIP = NO;
				DEBUG_INFORMATION_FORMAT = dwarf;
				ENABLE_STRICT_OBJC_MSGSEND = YES;
				ENABLE_TESTABILITY = YES;
				GCC_C_LANGUAGE_STANDARD = gnu11;
				GCC_DYNAMIC_NO_PIC = NO;
				GCC_NO_COMMON_BLOCKS = YES;
				GCC_OPTIMIZATION_LEVEL = 0;
				GCC_PREPROCESSOR_DEFINITIONS = (
					"DEBUG=1",
					"$(inherited)",
				);
				GCC_WARN_64_TO_32_BIT_CONVERSION = YES;
				GCC_WARN_ABOUT_RETURN_TYPE = YES_ERROR;
				GCC_WARN_UNDECLARED_SELECTOR = YES;
				GCC_WARN_UNINITIALIZED_AUTOS = YES_AGGRESSIVE;
				GCC_WARN_UNUSED_FUNCTION = YES;
				GCC_WARN_UNUSED_VARIABLE = YES;
				IPHONEOS_DEPLOYMENT_TARGET = 12.1;
				MTL_ENABLE_DEBUG_INFO = INCLUDE_SOURCE;
				MTL_FAST_MATH = YES;
				ONLY_ACTIVE_ARCH = YES;
				SDKROOT = iphoneos;
				SWIFT_ACTIVE_COMPILATION_CONDITIONS = DEBUG;
				SWIFT_OPTIMIZATION_LEVEL = "-Onone";
			};
			name = Debug;
		};
		6DD549642352538C005D5724 /* Release */ = {
			isa = XCBuildConfiguration;
			buildSettings = {
				ALWAYS_SEARCH_USER_PATHS = NO;
				CLANG_ANALYZER_NONNULL = YES;
				CLANG_ANALYZER_NUMBER_OBJECT_CONVERSION = YES_AGGRESSIVE;
				CLANG_CXX_LANGUAGE_STANDARD = "gnu++14";
				CLANG_CXX_LIBRARY = "libc++";
				CLANG_ENABLE_MODULES = YES;
				CLANG_ENABLE_OBJC_ARC = YES;
				CLANG_ENABLE_OBJC_WEAK = YES;
				CLANG_WARN_BLOCK_CAPTURE_AUTORELEASING = YES;
				CLANG_WARN_BOOL_CONVERSION = YES;
				CLANG_WARN_COMMA = YES;
				CLANG_WARN_CONSTANT_CONVERSION = YES;
				CLANG_WARN_DEPRECATED_OBJC_IMPLEMENTATIONS = YES;
				CLANG_WARN_DIRECT_OBJC_ISA_USAGE = YES_ERROR;
				CLANG_WARN_DOCUMENTATION_COMMENTS = YES;
				CLANG_WARN_EMPTY_BODY = YES;
				CLANG_WARN_ENUM_CONVERSION = YES;
				CLANG_WARN_INFINITE_RECURSION = YES;
				CLANG_WARN_INT_CONVERSION = YES;
				CLANG_WARN_NON_LITERAL_NULL_CONVERSION = YES;
				CLANG_WARN_OBJC_IMPLICIT_RETAIN_SELF = YES;
				CLANG_WARN_OBJC_LITERAL_CONVERSION = YES;
				CLANG_WARN_OBJC_ROOT_CLASS = YES_ERROR;
				CLANG_WARN_RANGE_LOOP_ANALYSIS = YES;
				CLANG_WARN_STRICT_PROTOTYPES = YES;
				CLANG_WARN_SUSPICIOUS_MOVE = YES;
				CLANG_WARN_UNGUARDED_AVAILABILITY = YES_AGGRESSIVE;
				CLANG_WARN_UNREACHABLE_CODE = YES;
				CLANG_WARN__DUPLICATE_METHOD_MATCH = YES;
				CODE_SIGN_IDENTITY = "iPhone Developer";
				COPY_PHASE_STRIP = NO;
				DEBUG_INFORMATION_FORMAT = "dwarf-with-dsym";
				ENABLE_NS_ASSERTIONS = NO;
				ENABLE_STRICT_OBJC_MSGSEND = YES;
				GCC_C_LANGUAGE_STANDARD = gnu11;
				GCC_NO_COMMON_BLOCKS = YES;
				GCC_WARN_64_TO_32_BIT_CONVERSION = YES;
				GCC_WARN_ABOUT_RETURN_TYPE = YES_ERROR;
				GCC_WARN_UNDECLARED_SELECTOR = YES;
				GCC_WARN_UNINITIALIZED_AUTOS = YES_AGGRESSIVE;
				GCC_WARN_UNUSED_FUNCTION = YES;
				GCC_WARN_UNUSED_VARIABLE = YES;
				IPHONEOS_DEPLOYMENT_TARGET = 12.1;
				MTL_ENABLE_DEBUG_INFO = NO;
				MTL_FAST_MATH = YES;
				SDKROOT = iphoneos;
				SWIFT_COMPILATION_MODE = wholemodule;
				SWIFT_OPTIMIZATION_LEVEL = "-O";
				VALIDATE_PRODUCT = YES;
			};
			name = Release;
		};
		6DD549662352538C005D5724 /* Debug */ = {
			isa = XCBuildConfiguration;
			baseConfigurationReference = F23F25CEEE9DAEDFE35388EF /* Pods-SwipeSwapDemo.debug.xcconfig */;
			buildSettings = {
				ASSETCATALOG_COMPILER_APPICON_NAME = AppIcon;
				CODE_SIGN_STYLE = Automatic;
				DEVELOPMENT_TEAM = N39NYKGZF4;
				INFOPLIST_FILE = SwipeSwapDemo/Info.plist;
				LD_RUNPATH_SEARCH_PATHS = (
					"$(inherited)",
					"@executable_path/Frameworks",
				);
				PRODUCT_BUNDLE_IDENTIFIER = Swipers.SwipeSwapDemo;
				PRODUCT_NAME = "$(TARGET_NAME)";
				SWIFT_VERSION = 4.2;
				TARGETED_DEVICE_FAMILY = "1,2";
			};
			name = Debug;
		};
		6DD549672352538C005D5724 /* Release */ = {
			isa = XCBuildConfiguration;
			baseConfigurationReference = 50C8A2A8FB064E0C0295D4E3 /* Pods-SwipeSwapDemo.release.xcconfig */;
			buildSettings = {
				ASSETCATALOG_COMPILER_APPICON_NAME = AppIcon;
				CODE_SIGN_STYLE = Automatic;
				DEVELOPMENT_TEAM = N39NYKGZF4;
				INFOPLIST_FILE = SwipeSwapDemo/Info.plist;
				LD_RUNPATH_SEARCH_PATHS = (
					"$(inherited)",
					"@executable_path/Frameworks",
				);
				PRODUCT_BUNDLE_IDENTIFIER = Swipers.SwipeSwapDemo;
				PRODUCT_NAME = "$(TARGET_NAME)";
				SWIFT_VERSION = 4.2;
				TARGETED_DEVICE_FAMILY = "1,2";
			};
			name = Release;
		};
		6DD549692352538C005D5724 /* Debug */ = {
			isa = XCBuildConfiguration;
			baseConfigurationReference = DEE5ECDBE0C6FE6308DDFC2F /* Pods-SwipeSwapDemoTests.debug.xcconfig */;
			buildSettings = {
				ALWAYS_EMBED_SWIFT_STANDARD_LIBRARIES = YES;
				BUNDLE_LOADER = "$(TEST_HOST)";
				CODE_SIGN_STYLE = Automatic;
				INFOPLIST_FILE = SwipeSwapDemoTests/Info.plist;
				LD_RUNPATH_SEARCH_PATHS = (
					"$(inherited)",
					"@executable_path/Frameworks",
					"@loader_path/Frameworks",
				);
				PRODUCT_BUNDLE_IDENTIFIER = Swipers.SwipeSwapDemoTests;
				PRODUCT_NAME = "$(TARGET_NAME)";
				SWIFT_VERSION = 4.2;
				TARGETED_DEVICE_FAMILY = "1,2";
				TEST_HOST = "$(BUILT_PRODUCTS_DIR)/SwipeSwapDemo.app/SwipeSwapDemo";
			};
			name = Debug;
		};
		6DD5496A2352538C005D5724 /* Release */ = {
			isa = XCBuildConfiguration;
			baseConfigurationReference = 81AA7B34EBFB3E7C4AB81002 /* Pods-SwipeSwapDemoTests.release.xcconfig */;
			buildSettings = {
				ALWAYS_EMBED_SWIFT_STANDARD_LIBRARIES = YES;
				BUNDLE_LOADER = "$(TEST_HOST)";
				CODE_SIGN_STYLE = Automatic;
				INFOPLIST_FILE = SwipeSwapDemoTests/Info.plist;
				LD_RUNPATH_SEARCH_PATHS = (
					"$(inherited)",
					"@executable_path/Frameworks",
					"@loader_path/Frameworks",
				);
				PRODUCT_BUNDLE_IDENTIFIER = Swipers.SwipeSwapDemoTests;
				PRODUCT_NAME = "$(TARGET_NAME)";
				SWIFT_VERSION = 4.2;
				TARGETED_DEVICE_FAMILY = "1,2";
				TEST_HOST = "$(BUILT_PRODUCTS_DIR)/SwipeSwapDemo.app/SwipeSwapDemo";
			};
			name = Release;
		};
		6DD5496C2352538C005D5724 /* Debug */ = {
			isa = XCBuildConfiguration;
			baseConfigurationReference = 6AD580CD2291BAA652D87E84 /* Pods-SwipeSwapDemoUITests.debug.xcconfig */;
			buildSettings = {
				ALWAYS_EMBED_SWIFT_STANDARD_LIBRARIES = YES;
				CODE_SIGN_STYLE = Automatic;
				INFOPLIST_FILE = SwipeSwapDemoUITests/Info.plist;
				LD_RUNPATH_SEARCH_PATHS = (
					"$(inherited)",
					"@executable_path/Frameworks",
					"@loader_path/Frameworks",
				);
				PRODUCT_BUNDLE_IDENTIFIER = Swipers.SwipeSwapDemoUITests;
				PRODUCT_NAME = "$(TARGET_NAME)";
				SWIFT_VERSION = 4.2;
				TARGETED_DEVICE_FAMILY = "1,2";
				TEST_TARGET_NAME = SwipeSwapDemo;
			};
			name = Debug;
		};
		6DD5496D2352538C005D5724 /* Release */ = {
			isa = XCBuildConfiguration;
			baseConfigurationReference = 96A8BB3CB32C464F44E7FDB7 /* Pods-SwipeSwapDemoUITests.release.xcconfig */;
			buildSettings = {
				ALWAYS_EMBED_SWIFT_STANDARD_LIBRARIES = YES;
				CODE_SIGN_STYLE = Automatic;
				INFOPLIST_FILE = SwipeSwapDemoUITests/Info.plist;
				LD_RUNPATH_SEARCH_PATHS = (
					"$(inherited)",
					"@executable_path/Frameworks",
					"@loader_path/Frameworks",
				);
				PRODUCT_BUNDLE_IDENTIFIER = Swipers.SwipeSwapDemoUITests;
				PRODUCT_NAME = "$(TARGET_NAME)";
				SWIFT_VERSION = 4.2;
				TARGETED_DEVICE_FAMILY = "1,2";
				TEST_TARGET_NAME = SwipeSwapDemo;
			};
			name = Release;
		};
/* End XCBuildConfiguration section */

/* Begin XCConfigurationList section */
		6DD549382352538A005D5724 /* Build configuration list for PBXProject "SwipeSwapDemo" */ = {
			isa = XCConfigurationList;
			buildConfigurations = (
				6DD549632352538C005D5724 /* Debug */,
				6DD549642352538C005D5724 /* Release */,
			);
			defaultConfigurationIsVisible = 0;
			defaultConfigurationName = Release;
		};
		6DD549652352538C005D5724 /* Build configuration list for PBXNativeTarget "SwipeSwapDemo" */ = {
			isa = XCConfigurationList;
			buildConfigurations = (
				6DD549662352538C005D5724 /* Debug */,
				6DD549672352538C005D5724 /* Release */,
			);
			defaultConfigurationIsVisible = 0;
			defaultConfigurationName = Release;
		};
		6DD549682352538C005D5724 /* Build configuration list for PBXNativeTarget "SwipeSwapDemoTests" */ = {
			isa = XCConfigurationList;
			buildConfigurations = (
				6DD549692352538C005D5724 /* Debug */,
				6DD5496A2352538C005D5724 /* Release */,
			);
			defaultConfigurationIsVisible = 0;
			defaultConfigurationName = Release;
		};
		6DD5496B2352538C005D5724 /* Build configuration list for PBXNativeTarget "SwipeSwapDemoUITests" */ = {
			isa = XCConfigurationList;
			buildConfigurations = (
				6DD5496C2352538C005D5724 /* Debug */,
				6DD5496D2352538C005D5724 /* Release */,
			);
			defaultConfigurationIsVisible = 0;
			defaultConfigurationName = Release;
		};
/* End XCConfigurationList section */
	};
	rootObject = 6DD549352352538A005D5724 /* Project object */;
}
